
Microsoft Visual Studio Solution File, Format Version 12.00
# Visual Studio Version 16
VisualStudioVersion = 16.0.30804.86
MinimumVisualStudioVersion = 10.0.40219.1
Project("{9A19103F-16F7-4668-BE54-9A1E7A4F7556}") = "CoreRSATests", "CoreRSATests\CoreRSATests.csproj", "{204E21EF-B78A-4D9F-B3D2-EE22856574B0}"
EndProject
Global
	GlobalSection(SolutionConfigurationPlatforms) = preSolution
		Debug|Any CPU = Debug|Any CPU
		Release|Any CPU = Release|Any CPU
	EndGlobalSection
	GlobalSection(ProjectConfigurationPlatforms) = postSolution
		{204E21EF-B78A-4D9F-B3D2-EE22856574B0}.Debug|Any CPU.ActiveCfg = Debug|Any CPU
		{204E21EF-B78A-4D9F-B3D2-EE22856574B0}.Debug|Any CPU.Build.0 = Debug|Any CPU
		{204E21EF-B78A-4D9F-B3D2-EE22856574B0}.Release|Any CPU.ActiveCfg = Release|Any CPU
		{204E21EF-B78A-4D9F-B3D2-EE22856574B0}.Release|Any CPU.Build.0 = Release|Any CPU
	EndGlobalSection
	GlobalSection(SolutionProperties) = preSolution
		HideSolutionNode = FALSE
	EndGlobalSection
	GlobalSection(ExtensibilityGlobals) = postSolution
		SolutionGuid = {DCA2E607-A143-4B9D-9374-06C2E63878D8}
	EndGlobalSection
EndGlobal
